
Microsoft Visual Studio Solution File, Format Version 12.00
# Visual Studio Version 17
VisualStudioVersion = 17.11.35312.102
MinimumVisualStudioVersion = 10.0.40219.1
Project("{FAE04EC0-301F-11D3-BF4B-00C04F79EFBC}") = "TravelTimeInternshipTask", "TravelTimeInternshipTask\TravelTimeInternshipTask.csproj", "{CF2414FD-3C13-40F4-91EA-7A1795DDBCA1}"
EndProject
Project("{FAE04EC0-301F-11D3-BF4B-00C04F79EFBC}") = "Tests", "Tests\Tests.csproj", "{C4D7F4AB-7D7D-4944-A346-E2EDC48929A2}"
EndProject
Global
	GlobalSection(SolutionConfigurationPlatforms) = preSolution
		Debug|Any CPU = Debug|Any CPU
		Release|Any CPU = Release|Any CPU
	EndGlobalSection
	GlobalSection(ProjectConfigurationPlatforms) = postSolution
		{CF2414FD-3C13-40F4-91EA-7A1795DDBCA1}.Debug|Any CPU.ActiveCfg = Debug|Any CPU
		{CF2414FD-3C13-40F4-91EA-7A1795DDBCA1}.Debug|Any CPU.Build.0 = Debug|Any CPU
		{CF2414FD-3C13-40F4-91EA-7A1795DDBCA1}.Release|Any CPU.ActiveCfg = Release|Any CPU
		{CF2414FD-3C13-40F4-91EA-7A1795DDBCA1}.Release|Any CPU.Build.0 = Release|Any CPU
		{C4D7F4AB-7D7D-4944-A346-E2EDC48929A2}.Debug|Any CPU.ActiveCfg = Debug|Any CPU
		{C4D7F4AB-7D7D-4944-A346-E2EDC48929A2}.Debug|Any CPU.Build.0 = Debug|Any CPU
		{C4D7F4AB-7D7D-4944-A346-E2EDC48929A2}.Release|Any CPU.ActiveCfg = Release|Any CPU
		{C4D7F4AB-7D7D-4944-A346-E2EDC48929A2}.Release|Any CPU.Build.0 = Release|Any CPU
	EndGlobalSection
	GlobalSection(SolutionProperties) = preSolution
		HideSolutionNode = FALSE
	EndGlobalSection
	GlobalSection(ExtensibilityGlobals) = postSolution
		SolutionGuid = {E7B21685-7C64-42E2-9D44-58CAA23DFBA3}
	EndGlobalSection
EndGlobal
